// !$*UTF8*$!
{
	archiveVersion = 1;
	classes = {
	};
	objectVersion = 46;
	objects = {

/* Begin PBXBuildFile section */
		104332401975AEE300F81FFB /* Foundation.framework in Frameworks */ = {isa = PBXBuildFile; fileRef = 1043323F1975AEE300F81FFB /* Foundation.framework */; };
		104332421975AEE300F81FFB /* CoreGraphics.framework in Frameworks */ = {isa = PBXBuildFile; fileRef = 104332411975AEE300F81FFB /* CoreGraphics.framework */; };
		104332441975AEE300F81FFB /* UIKit.framework in Frameworks */ = {isa = PBXBuildFile; fileRef = 104332431975AEE300F81FFB /* UIKit.framework */; };
		1043324A1975AEE300F81FFB /* InfoPlist.strings in Resources */ = {isa = PBXBuildFile; fileRef = 104332481975AEE300F81FFB /* InfoPlist.strings */; };
		1043324C1975AEE300F81FFB /* main.m in Sources */ = {isa = PBXBuildFile; fileRef = 1043324B1975AEE300F81FFB /* main.m */; };
		104332501975AEE300F81FFB /* AppDelegate.m in Sources */ = {isa = PBXBuildFile; fileRef = 1043324F1975AEE300F81FFB /* AppDelegate.m */; };
		104332531975AEE300F81FFB /* Main_iPhone.storyboard in Resources */ = {isa = PBXBuildFile; fileRef = 104332511975AEE300F81FFB /* Main_iPhone.storyboard */; };
		104332561975AEE300F81FFB /* Main_iPad.storyboard in Resources */ = {isa = PBXBuildFile; fileRef = 104332541975AEE300F81FFB /* Main_iPad.storyboard */; };
		104332591975AEE300F81FFB /* ViewController.m in Sources */ = {isa = PBXBuildFile; fileRef = 104332581975AEE300F81FFB /* ViewController.m */; };
		1043325B1975AEE300F81FFB /* Images.xcassets in Resources */ = {isa = PBXBuildFile; fileRef = 1043325A1975AEE300F81FFB /* Images.xcassets */; };
		104332621975AEE300F81FFB /* XCTest.framework in Frameworks */ = {isa = PBXBuildFile; fileRef = 104332611975AEE300F81FFB /* XCTest.framework */; };
		104332631975AEE300F81FFB /* Foundation.framework in Frameworks */ = {isa = PBXBuildFile; fileRef = 1043323F1975AEE300F81FFB /* Foundation.framework */; };
		104332641975AEE300F81FFB /* UIKit.framework in Frameworks */ = {isa = PBXBuildFile; fileRef = 104332431975AEE300F81FFB /* UIKit.framework */; };
		1043326C1975AEE300F81FFB /* InfoPlist.strings in Resources */ = {isa = PBXBuildFile; fileRef = 1043326A1975AEE300F81FFB /* InfoPlist.strings */; };
		1043326E1975AEE300F81FFB /* iOSRevolutionTests.m in Sources */ = {isa = PBXBuildFile; fileRef = 1043326D1975AEE300F81FFB /* iOSRevolutionTests.m */; };
		104332781975C80D00F81FFB /* dBMED small app store logo FINAL s.png in Resources */ = {isa = PBXBuildFile; fileRef = 104332771975C80D00F81FFB /* dBMED small app store logo FINAL s.png */; };
		1043327A1975C83600F81FFB /* dBMEDx cover page logo FINAL s1.png in Resources */ = {isa = PBXBuildFile; fileRef = 104332791975C83600F81FFB /* dBMEDx cover page logo FINAL s1.png */; };
		1043327C1975C87900F81FFB /* dBMEDx cover page logo FINAL s2.png in Resources */ = {isa = PBXBuildFile; fileRef = 1043327B1975C87900F81FFB /* dBMEDx cover page logo FINAL s2.png */; };
		1043327E1975C9C400F81FFB /* dBMEDxBluetoothScreen.png in Resources */ = {isa = PBXBuildFile; fileRef = 1043327D1975C9C400F81FFB /* dBMEDxBluetoothScreen.png */; };
		104332801975C9F000F81FFB /* photo.PNG in Resources */ = {isa = PBXBuildFile; fileRef = 1043327F1975C9F000F81FFB /* photo.PNG */; };
		104332821975D33500F81FFB /* 20140521Firstvolume.bin in Resources */ = {isa = PBXBuildFile; fileRef = 104332811975D33500F81FFB /* 20140521Firstvolume.bin */; };
		10C665BF1976CF5D002C735C /* DBMScan.m in Sources */ = {isa = PBXBuildFile; fileRef = 10C665BE1976CF5D002C735C /* DBMScan.m */; };
/* End PBXBuildFile section */

/* Begin PBXContainerItemProxy section */
		104332651975AEE300F81FFB /* PBXContainerItemProxy */ = {
			isa = PBXContainerItemProxy;
			containerPortal = 104332341975AEE300F81FFB /* Project object */;
			proxyType = 1;
			remoteGlobalIDString = 1043323B1975AEE300F81FFB;
			remoteInfo = iOSRevolution;
		};
/* End PBXContainerItemProxy section */

/* Begin PBXFileReference section */
		1043323C1975AEE300F81FFB /* iOSRevolution.app */ = {isa = PBXFileReference; explicitFileType = wrapper.application; includeInIndex = 0; path = iOSRevolution.app; sourceTree = BUILT_PRODUCTS_DIR; };
		1043323F1975AEE300F81FFB /* Foundation.framework */ = {isa = PBXFileReference; lastKnownFileType = wrapper.framework; name = Foundation.framework; path = System/Library/Frameworks/Foundation.framework; sourceTree = SDKROOT; };
		104332411975AEE300F81FFB /* CoreGraphics.framework */ = {isa = PBXFileReference; lastKnownFileType = wrapper.framework; name = CoreGraphics.framework; path = System/Library/Frameworks/CoreGraphics.framework; sourceTree = SDKROOT; };
		104332431975AEE300F81FFB /* UIKit.framework */ = {isa = PBXFileReference; lastKnownFileType = wrapper.framework; name = UIKit.framework; path = System/Library/Frameworks/UIKit.framework; sourceTree = SDKROOT; };
		104332471975AEE300F81FFB /* iOSRevolution-Info.plist */ = {isa = PBXFileReference; lastKnownFileType = text.plist.xml; path = "iOSRevolution-Info.plist"; sourceTree = "<group>"; };
		104332491975AEE300F81FFB /* en */ = {isa = PBXFileReference; lastKnownFileType = text.plist.strings; name = en; path = en.lproj/InfoPlist.strings; sourceTree = "<group>"; };
		1043324B1975AEE300F81FFB /* main.m */ = {isa = PBXFileReference; lastKnownFileType = sourcecode.c.objc; path = main.m; sourceTree = "<group>"; };
		1043324D1975AEE300F81FFB /* iOSRevolution-Prefix.pch */ = {isa = PBXFileReference; lastKnownFileType = sourcecode.c.h; path = "iOSRevolution-Prefix.pch"; sourceTree = "<group>"; };
		1043324E1975AEE300F81FFB /* AppDelegate.h */ = {isa = PBXFileReference; lastKnownFileType = sourcecode.c.h; path = AppDelegate.h; sourceTree = "<group>"; };
		1043324F1975AEE300F81FFB /* AppDelegate.m */ = {isa = PBXFileReference; lastKnownFileType = sourcecode.c.objc; path = AppDelegate.m; sourceTree = "<group>"; };
		104332521975AEE300F81FFB /* Base */ = {isa = PBXFileReference; lastKnownFileType = file.storyboard; name = Base; path = Base.lproj/Main_iPhone.storyboard; sourceTree = "<group>"; };
		104332551975AEE300F81FFB /* Base */ = {isa = PBXFileReference; lastKnownFileType = file.storyboard; name = Base; path = Base.lproj/Main_iPad.storyboard; sourceTree = "<group>"; };
		104332571975AEE300F81FFB /* ViewController.h */ = {isa = PBXFileReference; lastKnownFileType = sourcecode.c.h; path = ViewController.h; sourceTree = "<group>"; };
		104332581975AEE300F81FFB /* ViewController.m */ = {isa = PBXFileReference; lastKnownFileType = sourcecode.c.objc; path = ViewController.m; sourceTree = "<group>"; };
		1043325A1975AEE300F81FFB /* Images.xcassets */ = {isa = PBXFileReference; lastKnownFileType = folder.assetcatalog; path = Images.xcassets; sourceTree = "<group>"; };
		104332601975AEE300F81FFB /* iOSRevolutionTests.xctest */ = {isa = PBXFileReference; explicitFileType = wrapper.cfbundle; includeInIndex = 0; path = iOSRevolutionTests.xctest; sourceTree = BUILT_PRODUCTS_DIR; };
		104332611975AEE300F81FFB /* XCTest.framework */ = {isa = PBXFileReference; lastKnownFileType = wrapper.framework; name = XCTest.framework; path = Library/Frameworks/XCTest.framework; sourceTree = DEVELOPER_DIR; };
		104332691975AEE300F81FFB /* iOSRevolutionTests-Info.plist */ = {isa = PBXFileReference; lastKnownFileType = text.plist.xml; path = "iOSRevolutionTests-Info.plist"; sourceTree = "<group>"; };
		1043326B1975AEE300F81FFB /* en */ = {isa = PBXFileReference; lastKnownFileType = text.plist.strings; name = en; path = en.lproj/InfoPlist.strings; sourceTree = "<group>"; };
		1043326D1975AEE300F81FFB /* iOSRevolutionTests.m */ = {isa = PBXFileReference; lastKnownFileType = sourcecode.c.objc; path = iOSRevolutionTests.m; sourceTree = "<group>"; };
		104332771975C80D00F81FFB /* dBMED small app store logo FINAL s.png */ = {isa = PBXFileReference; lastKnownFileType = image.png; path = "dBMED small app store logo FINAL s.png"; sourceTree = "<group>"; };
		104332791975C83600F81FFB /* dBMEDx cover page logo FINAL s1.png */ = {isa = PBXFileReference; lastKnownFileType = image.png; path = "dBMEDx cover page logo FINAL s1.png"; sourceTree = "<group>"; };
		1043327B1975C87900F81FFB /* dBMEDx cover page logo FINAL s2.png */ = {isa = PBXFileReference; lastKnownFileType = image.png; path = "dBMEDx cover page logo FINAL s2.png"; sourceTree = "<group>"; };
		1043327D1975C9C400F81FFB /* dBMEDxBluetoothScreen.png */ = {isa = PBXFileReference; lastKnownFileType = image.png; path = dBMEDxBluetoothScreen.png; sourceTree = "<group>"; };
		1043327F1975C9F000F81FFB /* photo.PNG */ = {isa = PBXFileReference; lastKnownFileType = image.png; path = photo.PNG; sourceTree = "<group>"; };
		104332811975D33500F81FFB /* 20140521Firstvolume.bin */ = {isa = PBXFileReference; lastKnownFileType = archive.macbinary; path = 20140521Firstvolume.bin; sourceTree = "<group>"; };
		10C665BD1976CF5D002C735C /* DBMScan.h */ = {isa = PBXFileReference; fileEncoding = 4; lastKnownFileType = sourcecode.c.h; path = DBMScan.h; sourceTree = "<group>"; };
		10C665BE1976CF5D002C735C /* DBMScan.m */ = {isa = PBXFileReference; fileEncoding = 4; lastKnownFileType = sourcecode.c.objc; path = DBMScan.m; sourceTree = "<group>"; };
/* End PBXFileReference section */

/* Begin PBXFrameworksBuildPhase section */
		104332391975AEE300F81FFB /* Frameworks */ = {
			isa = PBXFrameworksBuildPhase;
			buildActionMask = 2147483647;
			files = (
				104332421975AEE300F81FFB /* CoreGraphics.framework in Frameworks */,
				104332441975AEE300F81FFB /* UIKit.framework in Frameworks */,
				104332401975AEE300F81FFB /* Foundation.framework in Frameworks */,
			);
			runOnlyForDeploymentPostprocessing = 0;
		};
		1043325D1975AEE300F81FFB /* Frameworks */ = {
			isa = PBXFrameworksBuildPhase;
			buildActionMask = 2147483647;
			files = (
				104332621975AEE300F81FFB /* XCTest.framework in Frameworks */,
				104332641975AEE300F81FFB /* UIKit.framework in Frameworks */,
				104332631975AEE300F81FFB /* Foundation.framework in Frameworks */,
			);
			runOnlyForDeploymentPostprocessing = 0;
		};
/* End PBXFrameworksBuildPhase section */

/* Begin PBXGroup section */
		104332331975AEE300F81FFB = {
			isa = PBXGroup;
			children = (
				10C665BD1976CF5D002C735C /* DBMScan.h */,
				10C665BE1976CF5D002C735C /* DBMScan.m */,
				104332451975AEE300F81FFB /* iOSRevolution */,
				104332671975AEE300F81FFB /* iOSRevolutionTests */,
				1043323E1975AEE300F81FFB /* Frameworks */,
				1043323D1975AEE300F81FFB /* Products */,
			);
			sourceTree = "<group>";
		};
		1043323D1975AEE300F81FFB /* Products */ = {
			isa = PBXGroup;
			children = (
				1043323C1975AEE300F81FFB /* iOSRevolution.app */,
				104332601975AEE300F81FFB /* iOSRevolutionTests.xctest */,
			);
			name = Products;
			sourceTree = "<group>";
		};
		1043323E1975AEE300F81FFB /* Frameworks */ = {
			isa = PBXGroup;
			children = (
				1043323F1975AEE300F81FFB /* Foundation.framework */,
				104332411975AEE300F81FFB /* CoreGraphics.framework */,
				104332431975AEE300F81FFB /* UIKit.framework */,
				104332611975AEE300F81FFB /* XCTest.framework */,
			);
			name = Frameworks;
			sourceTree = "<group>";
		};
		104332451975AEE300F81FFB /* iOSRevolution */ = {
			isa = PBXGroup;
			children = (
				1043324E1975AEE300F81FFB /* AppDelegate.h */,
				1043324F1975AEE300F81FFB /* AppDelegate.m */,
				104332511975AEE300F81FFB /* Main_iPhone.storyboard */,
				104332541975AEE300F81FFB /* Main_iPad.storyboard */,
				104332571975AEE300F81FFB /* ViewController.h */,
				104332581975AEE300F81FFB /* ViewController.m */,
				1043325A1975AEE300F81FFB /* Images.xcassets */,
				104332461975AEE300F81FFB /* Supporting Files */,
			);
			path = iOSRevolution;
			sourceTree = "<group>";
		};
		104332461975AEE300F81FFB /* Supporting Files */ = {
			isa = PBXGroup;
			children = (
				104332811975D33500F81FFB /* 20140521Firstvolume.bin */,
				1043327F1975C9F000F81FFB /* photo.PNG */,
				1043327D1975C9C400F81FFB /* dBMEDxBluetoothScreen.png */,
				1043327B1975C87900F81FFB /* dBMEDx cover page logo FINAL s2.png */,
				104332791975C83600F81FFB /* dBMEDx cover page logo FINAL s1.png */,
				104332771975C80D00F81FFB /* dBMED small app store logo FINAL s.png */,
				104332471975AEE300F81FFB /* iOSRevolution-Info.plist */,
				104332481975AEE300F81FFB /* InfoPlist.strings */,
				1043324B1975AEE300F81FFB /* main.m */,
				1043324D1975AEE300F81FFB /* iOSRevolution-Prefix.pch */,
			);
			name = "Supporting Files";
			sourceTree = "<group>";
		};
		104332671975AEE300F81FFB /* iOSRevolutionTests */ = {
			isa = PBXGroup;
			children = (
				1043326D1975AEE300F81FFB /* iOSRevolutionTests.m */,
				104332681975AEE300F81FFB /* Supporting Files */,
			);
			path = iOSRevolutionTests;
			sourceTree = "<group>";
		};
		104332681975AEE300F81FFB /* Supporting Files */ = {
			isa = PBXGroup;
			children = (
				104332691975AEE300F81FFB /* iOSRevolutionTests-Info.plist */,
				1043326A1975AEE300F81FFB /* InfoPlist.strings */,
			);
			name = "Supporting Files";
			sourceTree = "<group>";
		};
/* End PBXGroup section */

/* Begin PBXNativeTarget section */
		1043323B1975AEE300F81FFB /* iOSRevolution */ = {
			isa = PBXNativeTarget;
			buildConfigurationList = 104332711975AEE300F81FFB /* Build configuration list for PBXNativeTarget "iOSRevolution" */;
			buildPhases = (
				104332381975AEE300F81FFB /* Sources */,
				104332391975AEE300F81FFB /* Frameworks */,
				1043323A1975AEE300F81FFB /* Resources */,
			);
			buildRules = (
			);
			dependencies = (
			);
			name = iOSRevolution;
			productName = iOSRevolution;
			productReference = 1043323C1975AEE300F81FFB /* iOSRevolution.app */;
			productType = "com.apple.product-type.application";
		};
		1043325F1975AEE300F81FFB /* iOSRevolutionTests */ = {
			isa = PBXNativeTarget;
			buildConfigurationList = 104332741975AEE300F81FFB /* Build configuration list for PBXNativeTarget "iOSRevolutionTests" */;
			buildPhases = (
				1043325C1975AEE300F81FFB /* Sources */,
				1043325D1975AEE300F81FFB /* Frameworks */,
				1043325E1975AEE300F81FFB /* Resources */,
			);
			buildRules = (
			);
			dependencies = (
				104332661975AEE300F81FFB /* PBXTargetDependency */,
			);
			name = iOSRevolutionTests;
			productName = iOSRevolutionTests;
			productReference = 104332601975AEE300F81FFB /* iOSRevolutionTests.xctest */;
			productType = "com.apple.product-type.bundle.unit-test";
		};
/* End PBXNativeTarget section */

/* Begin PBXProject section */
		104332341975AEE300F81FFB /* Project object */ = {
			isa = PBXProject;
			attributes = {
				LastUpgradeCheck = 0510;
				ORGANIZATIONNAME = dBMEDx;
				TargetAttributes = {
					1043325F1975AEE300F81FFB = {
						TestTargetID = 1043323B1975AEE300F81FFB;
					};
				};
			};
			buildConfigurationList = 104332371975AEE300F81FFB /* Build configuration list for PBXProject "iOSRevolution" */;
			compatibilityVersion = "Xcode 3.2";
			developmentRegion = English;
			hasScannedForEncodings = 0;
			knownRegions = (
				en,
				Base,
			);
			mainGroup = 104332331975AEE300F81FFB;
			productRefGroup = 1043323D1975AEE300F81FFB /* Products */;
			projectDirPath = "";
			projectRoot = "";
			targets = (
				1043323B1975AEE300F81FFB /* iOSRevolution */,
				1043325F1975AEE300F81FFB /* iOSRevolutionTests */,
			);
		};
/* End PBXProject section */

/* Begin PBXResourcesBuildPhase section */
		1043323A1975AEE300F81FFB /* Resources */ = {
			isa = PBXResourcesBuildPhase;
			buildActionMask = 2147483647;
			files = (
				104332561975AEE300F81FFB /* Main_iPad.storyboard in Resources */,
				1043325B1975AEE300F81FFB /* Images.xcassets in Resources */,
				104332531975AEE300F81FFB /* Main_iPhone.storyboard in Resources */,
				104332821975D33500F81FFB /* 20140521Firstvolume.bin in Resources */,
				1043327C1975C87900F81FFB /* dBMEDx cover page logo FINAL s2.png in Resources */,
				1043324A1975AEE300F81FFB /* InfoPlist.strings in Resources */,
				104332801975C9F000F81FFB /* photo.PNG in Resources */,
				104332781975C80D00F81FFB /* dBMED small app store logo FINAL s.png in Resources */,
				1043327E1975C9C400F81FFB /* dBMEDxBluetoothScreen.png in Resources */,
				1043327A1975C83600F81FFB /* dBMEDx cover page logo FINAL s1.png in Resources */,
			);
			runOnlyForDeploymentPostprocessing = 0;
		};
		1043325E1975AEE300F81FFB /* Resources */ = {
			isa = PBXResourcesBuildPhase;
			buildActionMask = 2147483647;
			files = (
				1043326C1975AEE300F81FFB /* InfoPlist.strings in Resources */,
			);
			runOnlyForDeploymentPostprocessing = 0;
		};
/* End PBXResourcesBuildPhase section */

/* Begin PBXSourcesBuildPhase section */
		104332381975AEE300F81FFB /* Sources */ = {
			isa = PBXSourcesBuildPhase;
			buildActionMask = 2147483647;
			files = (
				10C665BF1976CF5D002C735C /* DBMScan.m in Sources */,
				104332591975AEE300F81FFB /* ViewController.m in Sources */,
				104332501975AEE300F81FFB /* AppDelegate.m in Sources */,
				1043324C1975AEE300F81FFB /* main.m in Sources */,
			);
			runOnlyForDeploymentPostprocessing = 0;
		};
		1043325C1975AEE300F81FFB /* Sources */ = {
			isa = PBXSourcesBuildPhase;
			buildActionMask = 2147483647;
			files = (
				1043326E1975AEE300F81FFB /* iOSRevolutionTests.m in Sources */,
			);
			runOnlyForDeploymentPostprocessing = 0;
		};
/* End PBXSourcesBuildPhase section */

/* Begin PBXTargetDependency section */
		104332661975AEE300F81FFB /* PBXTargetDependency */ = {
			isa = PBXTargetDependency;
			target = 1043323B1975AEE300F81FFB /* iOSRevolution */;
			targetProxy = 104332651975AEE300F81FFB /* PBXContainerItemProxy */;
		};
/* End PBXTargetDependency section */

/* Begin PBXVariantGroup section */
		104332481975AEE300F81FFB /* InfoPlist.strings */ = {
			isa = PBXVariantGroup;
			children = (
				104332491975AEE300F81FFB /* en */,
			);
			name = InfoPlist.strings;
			sourceTree = "<group>";
		};
		104332511975AEE300F81FFB /* Main_iPhone.storyboard */ = {
			isa = PBXVariantGroup;
			children = (
				104332521975AEE300F81FFB /* Base */,
			);
			name = Main_iPhone.storyboard;
			sourceTree = "<group>";
		};
		104332541975AEE300F81FFB /* Main_iPad.storyboard */ = {
			isa = PBXVariantGroup;
			children = (
				104332551975AEE300F81FFB /* Base */,
			);
			name = Main_iPad.storyboard;
			sourceTree = "<group>";
		};
		1043326A1975AEE300F81FFB /* InfoPlist.strings */ = {
			isa = PBXVariantGroup;
			children = (
				1043326B1975AEE300F81FFB /* en */,
			);
			name = InfoPlist.strings;
			sourceTree = "<group>";
		};
/* End PBXVariantGroup section */

/* Begin XCBuildConfiguration section */
		1043326F1975AEE300F81FFB /* Debug */ = {
			isa = XCBuildConfiguration;
			buildSettings = {
				ALWAYS_SEARCH_USER_PATHS = NO;
				CLANG_CXX_LANGUAGE_STANDARD = "gnu++0x";
				CLANG_CXX_LIBRARY = "libc++";
				CLANG_ENABLE_MODULES = YES;
				CLANG_ENABLE_OBJC_ARC = YES;
				CLANG_WARN_BOOL_CONVERSION = YES;
				CLANG_WARN_CONSTANT_CONVERSION = YES;
				CLANG_WARN_DIRECT_OBJC_ISA_USAGE = YES_ERROR;
				CLANG_WARN_EMPTY_BODY = YES;
				CLANG_WARN_ENUM_CONVERSION = YES;
				CLANG_WARN_INT_CONVERSION = YES;
				CLANG_WARN_OBJC_ROOT_CLASS = YES_ERROR;
				CLANG_WARN__DUPLICATE_METHOD_MATCH = YES;
				"CODE_SIGN_IDENTITY[sdk=iphoneos*]" = "iPhone Developer";
				COPY_PHASE_STRIP = NO;
				GCC_C_LANGUAGE_STANDARD = gnu99;
				GCC_DYNAMIC_NO_PIC = NO;
				GCC_OPTIMIZATION_LEVEL = 0;
				GCC_PREPROCESSOR_DEFINITIONS = (
					"DEBUG=1",
					"$(inherited)",
				);
				GCC_SYMBOLS_PRIVATE_EXTERN = NO;
				GCC_WARN_64_TO_32_BIT_CONVERSION = YES;
				GCC_WARN_ABOUT_RETURN_TYPE = YES_ERROR;
				GCC_WARN_UNDECLARED_SELECTOR = YES;
				GCC_WARN_UNINITIALIZED_AUTOS = YES_AGGRESSIVE;
				GCC_WARN_UNUSED_FUNCTION = YES;
				GCC_WARN_UNUSED_VARIABLE = YES;
				IPHONEOS_DEPLOYMENT_TARGET = 7.1;
				ONLY_ACTIVE_ARCH = YES;
				SDKROOT = iphoneos;
				TARGETED_DEVICE_FAMILY = "1,2";
			};
			name = Debug;
		};
		104332701975AEE300F81FFB /* Release */ = {
			isa = XCBuildConfiguration;
			buildSettings = {
				ALWAYS_SEARCH_USER_PATHS = NO;
				CLANG_CXX_LANGUAGE_STANDARD = "gnu++0x";
				CLANG_CXX_LIBRARY = "libc++";
				CLANG_ENABLE_MODULES = YES;
				CLANG_ENABLE_OBJC_ARC = YES;
				CLANG_WARN_BOOL_CONVERSION = YES;
				CLANG_WARN_CONSTANT_CONVERSION = YES;
				CLANG_WARN_DIRECT_OBJC_ISA_USAGE = YES_ERROR;
				CLANG_WARN_EMPTY_BODY = YES;
				CLANG_WARN_ENUM_CONVERSION = YES;
				CLANG_WARN_INT_CONVERSION = YES;
				CLANG_WARN_OBJC_ROOT_CLASS = YES_ERROR;
				CLANG_WARN__DUPLICATE_METHOD_MATCH = YES;
				"CODE_SIGN_IDENTITY[sdk=iphoneos*]" = "iPhone Developer";
				COPY_PHASE_STRIP = YES;
				ENABLE_NS_ASSERTIONS = NO;
				GCC_C_LANGUAGE_STANDARD = gnu99;
				GCC_WARN_64_TO_32_BIT_CONVERSION = YES;
				GCC_WARN_ABOUT_RETURN_TYPE = YES_ERROR;
				GCC_WARN_UNDECLARED_SELECTOR = YES;
				GCC_WARN_UNINITIALIZED_AUTOS = YES_AGGRESSIVE;
				GCC_WARN_UNUSED_FUNCTION = YES;
				GCC_WARN_UNUSED_VARIABLE = YES;
				IPHONEOS_DEPLOYMENT_TARGET = 7.1;
				SDKROOT = iphoneos;
				TARGETED_DEVICE_FAMILY = "1,2";
				VALIDATE_PRODUCT = YES;
			};
			name = Release;
		};
		104332721975AEE300F81FFB /* Debug */ = {
			isa = XCBuildConfiguration;
			buildSettings = {
				ASSETCATALOG_COMPILER_APPICON_NAME = AppIcon;
				ASSETCATALOG_COMPILER_LAUNCHIMAGE_NAME = LaunchImage;
				GCC_PRECOMPILE_PREFIX_HEADER = YES;
				GCC_PREFIX_HEADER = "iOSRevolution/iOSRevolution-Prefix.pch";
				INFOPLIST_FILE = "iOSRevolution/iOSRevolution-Info.plist";
				PRODUCT_NAME = "$(TARGET_NAME)";
				WRAPPER_EXTENSION = app;
			};
			name = Debug;
		};
		104332731975AEE300F81FFB /* Release */ = {
			isa = XCBuildConfiguration;
			buildSettings = {
				ASSETCATALOG_COMPILER_APPICON_NAME = AppIcon;
				ASSETCATALOG_COMPILER_LAUNCHIMAGE_NAME = LaunchImage;
				GCC_PRECOMPILE_PREFIX_HEADER = YES;
				GCC_PREFIX_HEADER = "iOSRevolution/iOSRevolution-Prefix.pch";
				INFOPLIST_FILE = "iOSRevolution/iOSRevolution-Info.plist";
				PRODUCT_NAME = "$(TARGET_NAME)";
				WRAPPER_EXTENSION = app;
			};
			name = Release;
		};
		104332751975AEE300F81FFB /* Debug */ = {
			isa = XCBuildConfiguration;
			buildSettings = {
				BUNDLE_LOADER = "$(BUILT_PRODUCTS_DIR)/iOSRevolution.app/iOSRevolution";
				FRAMEWORK_SEARCH_PATHS = (
					"$(SDKROOT)/Developer/Library/Frameworks",
					"$(inherited)",
					"$(DEVELOPER_FRAMEWORKS_DIR)",
				);
				GCC_PRECOMPILE_PREFIX_HEADER = YES;
				GCC_PREFIX_HEADER = "iOSRevolution/iOSRevolution-Prefix.pch";
				GCC_PREPROCESSOR_DEFINITIONS = (
					"DEBUG=1",
					"$(inherited)",
				);
				INFOPLIST_FILE = "iOSRevolutionTests/iOSRevolutionTests-Info.plist";
				PRODUCT_NAME = "$(TARGET_NAME)";
				TEST_HOST = "$(BUNDLE_LOADER)";
				WRAPPER_EXTENSION = xctest;
			};
			name = Debug;
		};
		104332761975AEE300F81FFB /* Release */ = {
			isa = XCBuildConfiguration;
			buildSettings = {
				BUNDLE_LOADER = "$(BUILT_PRODUCTS_DIR)/iOSRevolution.app/iOSRevolution";
				FRAMEWORK_SEARCH_PATHS = (
					"$(SDKROOT)/Developer/Library/Frameworks",
					"$(inherited)",
					"$(DEVELOPER_FRAMEWORKS_DIR)",
				);
				GCC_PRECOMPILE_PREFIX_HEADER = YES;
				GCC_PREFIX_HEADER = "iOSRevolution/iOSRevolution-Prefix.pch";
				INFOPLIST_FILE = "iOSRevolutionTests/iOSRevolutionTests-Info.plist";
				PRODUCT_NAME = "$(TARGET_NAME)";
				TEST_HOST = "$(BUNDLE_LOADER)";
				WRAPPER_EXTENSION = xctest;
			};
			name = Release;
		};
/* End XCBuildConfiguration section */

/* Begin XCConfigurationList section */
		104332371975AEE300F81FFB /* Build configuration list for PBXProject "iOSRevolution" */ = {
			isa = XCConfigurationList;
			buildConfigurations = (
				1043326F1975AEE300F81FFB /* Debug */,
				104332701975AEE300F81FFB /* Release */,
			);
			defaultConfigurationIsVisible = 0;
			defaultConfigurationName = Release;
		};
		104332711975AEE300F81FFB /* Build configuration list for PBXNativeTarget "iOSRevolution" */ = {
			isa = XCConfigurationList;
			buildConfigurations = (
				104332721975AEE300F81FFB /* Debug */,
				104332731975AEE300F81FFB /* Release */,
			);
			defaultConfigurationIsVisible = 0;
			defaultConfigurationName = Release;
		};
		104332741975AEE300F81FFB /* Build configuration list for PBXNativeTarget "iOSRevolutionTests" */ = {
			isa = XCConfigurationList;
			buildConfigurations = (
				104332751975AEE300F81FFB /* Debug */,
				104332761975AEE300F81FFB /* Release */,
			);
			defaultConfigurationIsVisible = 0;
			defaultConfigurationName = Release;
		};
/* End XCConfigurationList section */
	};
	rootObject = 104332341975AEE300F81FFB /* Project object */;
}
